
Microsoft Visual Studio Solution File, Format Version 12.00
# Visual Studio 15
Project("{FAE04EC0-301F-11D3-BF4B-00C04F79EFBC}") = "CCBHouse", "CCBHouse.csproj", "{7FD17E66-0DC4-C1ED-BB23-208DB64CED8F}"
EndProject
Project("{FAE04EC0-301F-11D3-BF4B-00C04F79EFBC}") = "CCBHouse.Editor", "CCBHouse.Editor.csproj", "{BEAF9C5A-36C0-0A63-35FD-E0D0E4345228}"
EndProject
Global
	GlobalSection(SolutionConfigurationPlatforms) = preSolution
		Debug|Any CPU = Debug|Any CPU
		Release|Any CPU = Release|Any CPU
	EndGlobalSection
	GlobalSection(ProjectConfigurationPlatforms) = postSolution
		{7FD17E66-0DC4-C1ED-BB23-208DB64CED8F}.Debug|Any CPU.ActiveCfg = Debug|Any CPU
		{7FD17E66-0DC4-C1ED-BB23-208DB64CED8F}.Debug|Any CPU.Build.0 = Debug|Any CPU
		{7FD17E66-0DC4-C1ED-BB23-208DB64CED8F}.Release|Any CPU.ActiveCfg = Release|Any CPU
		{7FD17E66-0DC4-C1ED-BB23-208DB64CED8F}.Release|Any CPU.Build.0 = Release|Any CPU
		{BEAF9C5A-36C0-0A63-35FD-E0D0E4345228}.Debug|Any CPU.ActiveCfg = Debug|Any CPU
		{BEAF9C5A-36C0-0A63-35FD-E0D0E4345228}.Debug|Any CPU.Build.0 = Debug|Any CPU
		{BEAF9C5A-36C0-0A63-35FD-E0D0E4345228}.Release|Any CPU.ActiveCfg = Release|Any CPU
		{BEAF9C5A-36C0-0A63-35FD-E0D0E4345228}.Release|Any CPU.Build.0 = Release|Any CPU
	EndGlobalSection
	GlobalSection(SolutionProperties) = preSolution
		HideSolutionNode = FALSE
	EndGlobalSection
EndGlobal
